
Microsoft Visual Studio Solution File, Format Version 12.00
# Visual Studio Version 17
VisualStudioVersion = 17.9.34723.18
MinimumVisualStudioVersion = 10.0.40219.1
Project("{FAE04EC0-301F-11D3-BF4B-00C04F79EFBC}") = "EFGetStarted", "EFGetStarted.csproj", "{517879EA-FF87-46A9-B076-56AE35D40FFB}"
EndProject
Project("{FAE04EC0-301F-11D3-BF4B-00C04F79EFBC}") = "ContosoUniversity", "..\ContosoUniversity\ContosoUniversity.csproj", "{539ECA51-9F20-4D18-8D3F-DA3C26FB4DED}"
EndProject
Global
	GlobalSection(SolutionConfigurationPlatforms) = preSolution
		Debug|Any CPU = Debug|Any CPU
		Release|Any CPU = Release|Any CPU
	EndGlobalSection
	GlobalSection(ProjectConfigurationPlatforms) = postSolution
		{517879EA-FF87-46A9-B076-56AE35D40FFB}.Debug|Any CPU.ActiveCfg = Debug|Any CPU
		{517879EA-FF87-46A9-B076-56AE35D40FFB}.Debug|Any CPU.Build.0 = Debug|Any CPU
		{517879EA-FF87-46A9-B076-56AE35D40FFB}.Release|Any CPU.ActiveCfg = Release|Any CPU
		{517879EA-FF87-46A9-B076-56AE35D40FFB}.Release|Any CPU.Build.0 = Release|Any CPU
		{539ECA51-9F20-4D18-8D3F-DA3C26FB4DED}.Debug|Any CPU.ActiveCfg = Debug|Any CPU
		{539ECA51-9F20-4D18-8D3F-DA3C26FB4DED}.Debug|Any CPU.Build.0 = Debug|Any CPU
		{539ECA51-9F20-4D18-8D3F-DA3C26FB4DED}.Release|Any CPU.ActiveCfg = Release|Any CPU
		{539ECA51-9F20-4D18-8D3F-DA3C26FB4DED}.Release|Any CPU.Build.0 = Release|Any CPU
	EndGlobalSection
	GlobalSection(SolutionProperties) = preSolution
		HideSolutionNode = FALSE
	EndGlobalSection
	GlobalSection(ExtensibilityGlobals) = postSolution
		SolutionGuid = {8886EF0F-1D25-4586-BAE6-37F7C330E8C1}
	EndGlobalSection
EndGlobal
